
Microsoft Visual Studio Solution File, Format Version 12.00
# Visual Studio 15
VisualStudioVersion = 15.0.26730.16
MinimumVisualStudioVersion = 10.0.40219.1
Project("{FAE04EC0-301F-11D3-BF4B-00C04F79EFBC}") = "CSPlayground", "CSPlayground\CSPlayground.csproj", "{2C8F7FDE-F849-4B3A-977F-816A84B4FE5A}"
EndProject
Project("{FAE04EC0-301F-11D3-BF4B-00C04F79EFBC}") = "DragAndDropPics", "DragAndDropPics\DragAndDropPics.csproj", "{46507FBB-EDFB-46CF-8DDD-610FD9A5367F}"
EndProject
Project("{FAE04EC0-301F-11D3-BF4B-00C04F79EFBC}") = "NinjaWeb", "NinjaWeb\NinjaWeb.csproj", "{D03A2E9A-F4B4-4C00-85BA-9E53ABDDD47D}"
EndProject
Project("{FAE04EC0-301F-11D3-BF4B-00C04F79EFBC}") = "BaseballEF", "BaseballEF\BaseballEF.csproj", "{0AB64F52-7686-4155-8165-7132F2BC0D64}"
EndProject
Project("{FAE04EC0-301F-11D3-BF4B-00C04F79EFBC}") = "MediatorStuff", "MediatorStuff\MediatorStuff.csproj", "{8D8523A5-E00A-4D18-B61C-18111D88E210}"
EndProject
Project("{FAE04EC0-301F-11D3-BF4B-00C04F79EFBC}") = "RublesRidiculousRobot", "RublesRidiculousRobot\RublesRidiculousRobot.csproj", "{88B3ED87-EEC8-417F-B3CE-3F395EB38066}"
EndProject
Project("{FAE04EC0-301F-11D3-BF4B-00C04F79EFBC}") = "FakesNews", "FakesNews\FakesNews.csproj", "{EE906ECF-3031-471E-A90B-9786E47DABCF}"
EndProject
Project("{FAE04EC0-301F-11D3-BF4B-00C04F79EFBC}") = "Fortress", "Fortress\Fortress.csproj", "{D20387F3-C74F-46FB-A652-1C0533870B7A}"
EndProject
Project("{FAE04EC0-301F-11D3-BF4B-00C04F79EFBC}") = "GoldeneyeService", "GoldeneyeService\GoldeneyeService.csproj", "{7D1255DA-1D32-4E8A-AFEA-3FB66527017B}"
EndProject
Project("{FAE04EC0-301F-11D3-BF4B-00C04F79EFBC}") = "DumbClasses", "DumbClasses\DumbClasses.csproj", "{DD0F22DC-6AD6-472E-B840-4758893E6870}"
EndProject
Project("{FAE04EC0-301F-11D3-BF4B-00C04F79EFBC}") = "ManVsCars", "ManVsCars\ManVsCars.csproj", "{4B1E777A-F01C-4B6B-A1F1-3F22CB0931B1}"
EndProject
Project("{FAE04EC0-301F-11D3-BF4B-00C04F79EFBC}") = "BareBones", "BareBones\BareBones.csproj", "{E8924775-0698-49C5-A309-FC3B772ED12D}"
EndProject
Project("{FAE04EC0-301F-11D3-BF4B-00C04F79EFBC}") = "BatAndBallEF", "BatAndBallEF\BatAndBallEF.csproj", "{9737B07F-210B-4176-9FAE-B969ACD8C969}"
EndProject
Project("{FAE04EC0-301F-11D3-BF4B-00C04F79EFBC}") = "Autho", "Autho\Autho.csproj", "{4E75F171-E4B0-4800-A715-21BEA326C380}"
EndProject
Global
	GlobalSection(SolutionConfigurationPlatforms) = preSolution
		Debug|Any CPU = Debug|Any CPU
		Release|Any CPU = Release|Any CPU
	EndGlobalSection
	GlobalSection(ProjectConfigurationPlatforms) = postSolution
		{2C8F7FDE-F849-4B3A-977F-816A84B4FE5A}.Debug|Any CPU.ActiveCfg = Debug|Any CPU
		{2C8F7FDE-F849-4B3A-977F-816A84B4FE5A}.Debug|Any CPU.Build.0 = Debug|Any CPU
		{2C8F7FDE-F849-4B3A-977F-816A84B4FE5A}.Release|Any CPU.ActiveCfg = Release|Any CPU
		{2C8F7FDE-F849-4B3A-977F-816A84B4FE5A}.Release|Any CPU.Build.0 = Release|Any CPU
		{46507FBB-EDFB-46CF-8DDD-610FD9A5367F}.Debug|Any CPU.ActiveCfg = Debug|Any CPU
		{46507FBB-EDFB-46CF-8DDD-610FD9A5367F}.Debug|Any CPU.Build.0 = Debug|Any CPU
		{46507FBB-EDFB-46CF-8DDD-610FD9A5367F}.Release|Any CPU.ActiveCfg = Release|Any CPU
		{46507FBB-EDFB-46CF-8DDD-610FD9A5367F}.Release|Any CPU.Build.0 = Release|Any CPU
		{D03A2E9A-F4B4-4C00-85BA-9E53ABDDD47D}.Debug|Any CPU.ActiveCfg = Debug|Any CPU
		{D03A2E9A-F4B4-4C00-85BA-9E53ABDDD47D}.Debug|Any CPU.Build.0 = Debug|Any CPU
		{D03A2E9A-F4B4-4C00-85BA-9E53ABDDD47D}.Release|Any CPU.ActiveCfg = Release|Any CPU
		{D03A2E9A-F4B4-4C00-85BA-9E53ABDDD47D}.Release|Any CPU.Build.0 = Release|Any CPU
		{0AB64F52-7686-4155-8165-7132F2BC0D64}.Debug|Any CPU.ActiveCfg = Debug|Any CPU
		{0AB64F52-7686-4155-8165-7132F2BC0D64}.Debug|Any CPU.Build.0 = Debug|Any CPU
		{0AB64F52-7686-4155-8165-7132F2BC0D64}.Release|Any CPU.ActiveCfg = Release|Any CPU
		{0AB64F52-7686-4155-8165-7132F2BC0D64}.Release|Any CPU.Build.0 = Release|Any CPU
		{8D8523A5-E00A-4D18-B61C-18111D88E210}.Debug|Any CPU.ActiveCfg = Debug|Any CPU
		{8D8523A5-E00A-4D18-B61C-18111D88E210}.Debug|Any CPU.Build.0 = Debug|Any CPU
		{8D8523A5-E00A-4D18-B61C-18111D88E210}.Release|Any CPU.ActiveCfg = Release|Any CPU
		{8D8523A5-E00A-4D18-B61C-18111D88E210}.Release|Any CPU.Build.0 = Release|Any CPU
		{88B3ED87-EEC8-417F-B3CE-3F395EB38066}.Debug|Any CPU.ActiveCfg = Debug|Any CPU
		{88B3ED87-EEC8-417F-B3CE-3F395EB38066}.Debug|Any CPU.Build.0 = Debug|Any CPU
		{88B3ED87-EEC8-417F-B3CE-3F395EB38066}.Release|Any CPU.ActiveCfg = Release|Any CPU
		{88B3ED87-EEC8-417F-B3CE-3F395EB38066}.Release|Any CPU.Build.0 = Release|Any CPU
		{EE906ECF-3031-471E-A90B-9786E47DABCF}.Debug|Any CPU.ActiveCfg = Debug|Any CPU
		{EE906ECF-3031-471E-A90B-9786E47DABCF}.Debug|Any CPU.Build.0 = Debug|Any CPU
		{EE906ECF-3031-471E-A90B-9786E47DABCF}.Release|Any CPU.ActiveCfg = Release|Any CPU
		{EE906ECF-3031-471E-A90B-9786E47DABCF}.Release|Any CPU.Build.0 = Release|Any CPU
		{D20387F3-C74F-46FB-A652-1C0533870B7A}.Debug|Any CPU.ActiveCfg = Debug|Any CPU
		{D20387F3-C74F-46FB-A652-1C0533870B7A}.Debug|Any CPU.Build.0 = Debug|Any CPU
		{D20387F3-C74F-46FB-A652-1C0533870B7A}.Release|Any CPU.ActiveCfg = Release|Any CPU
		{D20387F3-C74F-46FB-A652-1C0533870B7A}.Release|Any CPU.Build.0 = Release|Any CPU
		{7D1255DA-1D32-4E8A-AFEA-3FB66527017B}.Debug|Any CPU.ActiveCfg = Debug|Any CPU
		{7D1255DA-1D32-4E8A-AFEA-3FB66527017B}.Debug|Any CPU.Build.0 = Debug|Any CPU
		{7D1255DA-1D32-4E8A-AFEA-3FB66527017B}.Release|Any CPU.ActiveCfg = Release|Any CPU
		{7D1255DA-1D32-4E8A-AFEA-3FB66527017B}.Release|Any CPU.Build.0 = Release|Any CPU
		{DD0F22DC-6AD6-472E-B840-4758893E6870}.Debug|Any CPU.ActiveCfg = Debug|Any CPU
		{DD0F22DC-6AD6-472E-B840-4758893E6870}.Debug|Any CPU.Build.0 = Debug|Any CPU
		{DD0F22DC-6AD6-472E-B840-4758893E6870}.Release|Any CPU.ActiveCfg = Release|Any CPU
		{DD0F22DC-6AD6-472E-B840-4758893E6870}.Release|Any CPU.Build.0 = Release|Any CPU
		{4B1E777A-F01C-4B6B-A1F1-3F22CB0931B1}.Debug|Any CPU.ActiveCfg = Debug|Any CPU
		{4B1E777A-F01C-4B6B-A1F1-3F22CB0931B1}.Debug|Any CPU.Build.0 = Debug|Any CPU
		{4B1E777A-F01C-4B6B-A1F1-3F22CB0931B1}.Release|Any CPU.ActiveCfg = Release|Any CPU
		{4B1E777A-F01C-4B6B-A1F1-3F22CB0931B1}.Release|Any CPU.Build.0 = Release|Any CPU
		{E8924775-0698-49C5-A309-FC3B772ED12D}.Debug|Any CPU.ActiveCfg = Debug|Any CPU
		{E8924775-0698-49C5-A309-FC3B772ED12D}.Debug|Any CPU.Build.0 = Debug|Any CPU
		{E8924775-0698-49C5-A309-FC3B772ED12D}.Release|Any CPU.ActiveCfg = Release|Any CPU
		{E8924775-0698-49C5-A309-FC3B772ED12D}.Release|Any CPU.Build.0 = Release|Any CPU
		{9737B07F-210B-4176-9FAE-B969ACD8C969}.Debug|Any CPU.ActiveCfg = Debug|Any CPU
		{9737B07F-210B-4176-9FAE-B969ACD8C969}.Debug|Any CPU.Build.0 = Debug|Any CPU
		{9737B07F-210B-4176-9FAE-B969ACD8C969}.Release|Any CPU.ActiveCfg = Release|Any CPU
		{9737B07F-210B-4176-9FAE-B969ACD8C969}.Release|Any CPU.Build.0 = Release|Any CPU
		{4E75F171-E4B0-4800-A715-21BEA326C380}.Debug|Any CPU.ActiveCfg = Debug|Any CPU
		{4E75F171-E4B0-4800-A715-21BEA326C380}.Debug|Any CPU.Build.0 = Debug|Any CPU
		{4E75F171-E4B0-4800-A715-21BEA326C380}.Release|Any CPU.ActiveCfg = Release|Any CPU
		{4E75F171-E4B0-4800-A715-21BEA326C380}.Release|Any CPU.Build.0 = Release|Any CPU
	EndGlobalSection
	GlobalSection(SolutionProperties) = preSolution
		HideSolutionNode = FALSE
	EndGlobalSection
	GlobalSection(ExtensibilityGlobals) = postSolution
		SolutionGuid = {316F7597-8A32-4738-A349-1EC52A420752}
	EndGlobalSection
EndGlobal
